
Microsoft Visual Studio Solution File, Format Version 12.00
# Visual Studio Version 17
VisualStudioVersion = 17.6.33801.468
MinimumVisualStudioVersion = 10.0.40219.1
Project("{2150E333-8FDC-42A3-9474-1A3956D46DE8}") = "API", "API", "{0276AA62-422F-4A94-B960-B4A61A157F22}"
EndProject
Project("{FAE04EC0-301F-11D3-BF4B-00C04F79EFBC}") = "Altsystems.FeedRSSBlogsAnalyticsApi", "src\Altsystems.FeedRSSBlogsAnalyticsApi\Altsystems.FeedRSSBlogsAnalyticsApi.csproj", "{B8BA7945-2D07-4244-93FA-283C68754914}"
EndProject
Global
	GlobalSection(SolutionConfigurationPlatforms) = preSolution
		Debug|Any CPU = Debug|Any CPU
		Release|Any CPU = Release|Any CPU
	EndGlobalSection
	GlobalSection(ProjectConfigurationPlatforms) = postSolution
		{B8BA7945-2D07-4244-93FA-283C68754914}.Debug|Any CPU.ActiveCfg = Debug|Any CPU
		{B8BA7945-2D07-4244-93FA-283C68754914}.Debug|Any CPU.Build.0 = Debug|Any CPU
		{B8BA7945-2D07-4244-93FA-283C68754914}.Release|Any CPU.ActiveCfg = Release|Any CPU
		{B8BA7945-2D07-4244-93FA-283C68754914}.Release|Any CPU.Build.0 = Release|Any CPU
	EndGlobalSection
	GlobalSection(SolutionProperties) = preSolution
		HideSolutionNode = FALSE
	EndGlobalSection
	GlobalSection(NestedProjects) = preSolution
		{B8BA7945-2D07-4244-93FA-283C68754914} = {0276AA62-422F-4A94-B960-B4A61A157F22}
	EndGlobalSection
	GlobalSection(ExtensibilityGlobals) = postSolution
		SolutionGuid = {280891BA-9C89-4706-B190-3D271EEF5CC2}
	EndGlobalSection
EndGlobal
